
Microsoft Visual Studio Solution File, Format Version 12.00
# Visual Studio Version 16
VisualStudioVersion = 16.0.32929.386
MinimumVisualStudioVersion = 10.0.40219.1
Project("{FAE04EC0-301F-11D3-BF4B-00C04F79EFBC}") = "Praktica3", "Praktica3\Praktica3.csproj", "{1E9053F1-133E-4AFF-B7F1-2C9BD8A72632}"
EndProject
Global
	GlobalSection(SolutionConfigurationPlatforms) = preSolution
		Debug|Any CPU = Debug|Any CPU
		Release|Any CPU = Release|Any CPU
	EndGlobalSection
	GlobalSection(ProjectConfigurationPlatforms) = postSolution
		{1E9053F1-133E-4AFF-B7F1-2C9BD8A72632}.Debug|Any CPU.ActiveCfg = Debug|Any CPU
		{1E9053F1-133E-4AFF-B7F1-2C9BD8A72632}.Debug|Any CPU.Build.0 = Debug|Any CPU
		{1E9053F1-133E-4AFF-B7F1-2C9BD8A72632}.Release|Any CPU.ActiveCfg = Release|Any CPU
		{1E9053F1-133E-4AFF-B7F1-2C9BD8A72632}.Release|Any CPU.Build.0 = Release|Any CPU
	EndGlobalSection
	GlobalSection(SolutionProperties) = preSolution
		HideSolutionNode = FALSE
	EndGlobalSection
	GlobalSection(ExtensibilityGlobals) = postSolution
		SolutionGuid = {306D50D1-D2BF-4A8B-8871-434CB94D0284}
	EndGlobalSection
EndGlobal
